
Microsoft Visual Studio Solution File, Format Version 12.00
# Visual Studio 2012
Project("{FAE04EC0-301F-11D3-BF4B-00C04F79EFBC}") = "opentokRTC", "opentokRTC\opentokRTC.csproj", "{067BEEC6-ABDB-4AB3-A22C-FE8FEC3D98BC}"
EndProject
Global
	GlobalSection(SolutionConfigurationPlatforms) = preSolution
		Debug|Any CPU = Debug|Any CPU
		Release|Any CPU = Release|Any CPU
	EndGlobalSection
	GlobalSection(ProjectConfigurationPlatforms) = postSolution
		{067BEEC6-ABDB-4AB3-A22C-FE8FEC3D98BC}.Debug|Any CPU.ActiveCfg = Debug|Any CPU
		{067BEEC6-ABDB-4AB3-A22C-FE8FEC3D98BC}.Debug|Any CPU.Build.0 = Debug|Any CPU
		{067BEEC6-ABDB-4AB3-A22C-FE8FEC3D98BC}.Release|Any CPU.ActiveCfg = Release|Any CPU
		{067BEEC6-ABDB-4AB3-A22C-FE8FEC3D98BC}.Release|Any CPU.Build.0 = Release|Any CPU
	EndGlobalSection
	GlobalSection(SolutionProperties) = preSolution
		HideSolutionNode = FALSE
	EndGlobalSection
EndGlobal
